
Microsoft Visual Studio Solution File, Format Version 12.00
# Visual Studio 15
VisualStudioVersion = 15.0.26430.13
MinimumVisualStudioVersion = 10.0.40219.1
Project("{FAE04EC0-301F-11D3-BF4B-00C04F79EFBC}") = "DeveloperLearning", "DeveloperLearning\DeveloperLearning.csproj", "{A128976D-8D34-46AF-AD85-483D8FF70EB3}"
EndProject
Project("{FAE04EC0-301F-11D3-BF4B-00C04F79EFBC}") = "DeveloperLearning.Tests", "DeveloperLearning.Tests\DeveloperLearning.Tests.csproj", "{7A0E8E13-8A8A-4067-9600-F8504BAEECFC}"
EndProject
Global
	GlobalSection(SolutionConfigurationPlatforms) = preSolution
		Debug|Any CPU = Debug|Any CPU
		Release|Any CPU = Release|Any CPU
	EndGlobalSection
	GlobalSection(ProjectConfigurationPlatforms) = postSolution
		{A128976D-8D34-46AF-AD85-483D8FF70EB3}.Debug|Any CPU.ActiveCfg = Debug|Any CPU
		{A128976D-8D34-46AF-AD85-483D8FF70EB3}.Debug|Any CPU.Build.0 = Debug|Any CPU
		{A128976D-8D34-46AF-AD85-483D8FF70EB3}.Release|Any CPU.ActiveCfg = Release|Any CPU
		{A128976D-8D34-46AF-AD85-483D8FF70EB3}.Release|Any CPU.Build.0 = Release|Any CPU
		{7A0E8E13-8A8A-4067-9600-F8504BAEECFC}.Debug|Any CPU.ActiveCfg = Debug|Any CPU
		{7A0E8E13-8A8A-4067-9600-F8504BAEECFC}.Debug|Any CPU.Build.0 = Debug|Any CPU
		{7A0E8E13-8A8A-4067-9600-F8504BAEECFC}.Release|Any CPU.ActiveCfg = Release|Any CPU
		{7A0E8E13-8A8A-4067-9600-F8504BAEECFC}.Release|Any CPU.Build.0 = Release|Any CPU
	EndGlobalSection
	GlobalSection(SolutionProperties) = preSolution
		HideSolutionNode = FALSE
	EndGlobalSection
EndGlobal
